
Microsoft Visual Studio Solution File, Format Version 12.00
# Visual Studio Version 16
VisualStudioVersion = 16.0.29424.173
MinimumVisualStudioVersion = 10.0.40219.1
Project("{FAE04EC0-301F-11D3-BF4B-00C04F79EFBC}") = "P01_StudentSystem", "P01_StudentSystem\P01_StudentSystem.csproj", "{23D8CDB5-7F65-4A1A-8E20-7D953D1CDAB9}"
EndProject
Project("{FAE04EC0-301F-11D3-BF4B-00C04F79EFBC}") = "P03_FootballBetting", "P03_FootballBetting\P03_FootballBetting.csproj", "{660A97DD-F3E3-4AD9-818B-A1B1C79919E2}"
EndProject
Global
	GlobalSection(SolutionConfigurationPlatforms) = preSolution
		Debug|Any CPU = Debug|Any CPU
		Release|Any CPU = Release|Any CPU
	EndGlobalSection
	GlobalSection(ProjectConfigurationPlatforms) = postSolution
		{23D8CDB5-7F65-4A1A-8E20-7D953D1CDAB9}.Debug|Any CPU.ActiveCfg = Debug|Any CPU
		{23D8CDB5-7F65-4A1A-8E20-7D953D1CDAB9}.Debug|Any CPU.Build.0 = Debug|Any CPU
		{23D8CDB5-7F65-4A1A-8E20-7D953D1CDAB9}.Release|Any CPU.ActiveCfg = Release|Any CPU
		{23D8CDB5-7F65-4A1A-8E20-7D953D1CDAB9}.Release|Any CPU.Build.0 = Release|Any CPU
		{660A97DD-F3E3-4AD9-818B-A1B1C79919E2}.Debug|Any CPU.ActiveCfg = Debug|Any CPU
		{660A97DD-F3E3-4AD9-818B-A1B1C79919E2}.Debug|Any CPU.Build.0 = Debug|Any CPU
		{660A97DD-F3E3-4AD9-818B-A1B1C79919E2}.Release|Any CPU.ActiveCfg = Release|Any CPU
		{660A97DD-F3E3-4AD9-818B-A1B1C79919E2}.Release|Any CPU.Build.0 = Release|Any CPU
	EndGlobalSection
	GlobalSection(SolutionProperties) = preSolution
		HideSolutionNode = FALSE
	EndGlobalSection
	GlobalSection(ExtensibilityGlobals) = postSolution
		SolutionGuid = {292DD388-4D26-4E37-A857-54C536B75290}
	EndGlobalSection
EndGlobal
