
Microsoft Visual Studio Solution File, Format Version 12.00
# Visual Studio Version 16
VisualStudioVersion = 16.0.29424.173
MinimumVisualStudioVersion = 10.0.40219.1
Project("{9A19103F-16F7-4668-BE54-9A1E7A4F7556}") = "P01_HospitalDatabase", "P01_HospitalDatabase\P01_HospitalDatabase.csproj", "{885BD8B4-0352-432A-9838-375EA50915B8}"
EndProject
Project("{FAE04EC0-301F-11D3-BF4B-00C04F79EFBC}") = "P03_SalesDatabase", "P03_SalesDatabase\P03_SalesDatabase.csproj", "{D9C32A04-C416-4F71-9D7C-B3C572F487A5}"
EndProject
Global
	GlobalSection(SolutionConfigurationPlatforms) = preSolution
		Debug|Any CPU = Debug|Any CPU
		Release|Any CPU = Release|Any CPU
	EndGlobalSection
	GlobalSection(ProjectConfigurationPlatforms) = postSolution
		{885BD8B4-0352-432A-9838-375EA50915B8}.Debug|Any CPU.ActiveCfg = Debug|Any CPU
		{885BD8B4-0352-432A-9838-375EA50915B8}.Debug|Any CPU.Build.0 = Debug|Any CPU
		{885BD8B4-0352-432A-9838-375EA50915B8}.Release|Any CPU.ActiveCfg = Release|Any CPU
		{885BD8B4-0352-432A-9838-375EA50915B8}.Release|Any CPU.Build.0 = Release|Any CPU
		{D9C32A04-C416-4F71-9D7C-B3C572F487A5}.Debug|Any CPU.ActiveCfg = Debug|Any CPU
		{D9C32A04-C416-4F71-9D7C-B3C572F487A5}.Debug|Any CPU.Build.0 = Debug|Any CPU
		{D9C32A04-C416-4F71-9D7C-B3C572F487A5}.Release|Any CPU.ActiveCfg = Release|Any CPU
		{D9C32A04-C416-4F71-9D7C-B3C572F487A5}.Release|Any CPU.Build.0 = Release|Any CPU
	EndGlobalSection
	GlobalSection(SolutionProperties) = preSolution
		HideSolutionNode = FALSE
	EndGlobalSection
	GlobalSection(ExtensibilityGlobals) = postSolution
		SolutionGuid = {354EADA7-1D1E-46B0-9A80-A458E71682F8}
	EndGlobalSection
EndGlobal
