
Microsoft Visual Studio Solution File, Format Version 12.00
# Visual Studio Version 16
VisualStudioVersion = 16.0.29519.87
MinimumVisualStudioVersion = 10.0.40219.1
Project("{FAE04EC0-301F-11D3-BF4B-00C04F79EFBC}") = "Singleton", "Singleton\Singleton.csproj", "{580BA036-BA0C-4490-BD88-15850B670D3E}"
EndProject
Project("{FAE04EC0-301F-11D3-BF4B-00C04F79EFBC}") = "CommandPattern", "CommandPattern\CommandPattern.csproj", "{AA2BED88-A9D4-4BD4-9ADD-2AC4C4393EC8}"
EndProject
Project("{FAE04EC0-301F-11D3-BF4B-00C04F79EFBC}") = "Facade", "Facade\Facade.csproj", "{2D3BD341-85DD-4EB9-B4B0-D2D32DBA97B7}"
EndProject
Global
	GlobalSection(SolutionConfigurationPlatforms) = preSolution
		Debug|Any CPU = Debug|Any CPU
		Release|Any CPU = Release|Any CPU
	EndGlobalSection
	GlobalSection(ProjectConfigurationPlatforms) = postSolution
		{580BA036-BA0C-4490-BD88-15850B670D3E}.Debug|Any CPU.ActiveCfg = Debug|Any CPU
		{580BA036-BA0C-4490-BD88-15850B670D3E}.Debug|Any CPU.Build.0 = Debug|Any CPU
		{580BA036-BA0C-4490-BD88-15850B670D3E}.Release|Any CPU.ActiveCfg = Release|Any CPU
		{580BA036-BA0C-4490-BD88-15850B670D3E}.Release|Any CPU.Build.0 = Release|Any CPU
		{AA2BED88-A9D4-4BD4-9ADD-2AC4C4393EC8}.Debug|Any CPU.ActiveCfg = Debug|Any CPU
		{AA2BED88-A9D4-4BD4-9ADD-2AC4C4393EC8}.Debug|Any CPU.Build.0 = Debug|Any CPU
		{AA2BED88-A9D4-4BD4-9ADD-2AC4C4393EC8}.Release|Any CPU.ActiveCfg = Release|Any CPU
		{AA2BED88-A9D4-4BD4-9ADD-2AC4C4393EC8}.Release|Any CPU.Build.0 = Release|Any CPU
		{2D3BD341-85DD-4EB9-B4B0-D2D32DBA97B7}.Debug|Any CPU.ActiveCfg = Debug|Any CPU
		{2D3BD341-85DD-4EB9-B4B0-D2D32DBA97B7}.Debug|Any CPU.Build.0 = Debug|Any CPU
		{2D3BD341-85DD-4EB9-B4B0-D2D32DBA97B7}.Release|Any CPU.ActiveCfg = Release|Any CPU
		{2D3BD341-85DD-4EB9-B4B0-D2D32DBA97B7}.Release|Any CPU.Build.0 = Release|Any CPU
	EndGlobalSection
	GlobalSection(SolutionProperties) = preSolution
		HideSolutionNode = FALSE
	EndGlobalSection
	GlobalSection(ExtensibilityGlobals) = postSolution
		SolutionGuid = {5A03DB6F-D1BC-4405-A8B3-F8A974D508DA}
	EndGlobalSection
EndGlobal
